github.com/andreyvit/jsonfix v1.0.0 h1:S5BFMo08D6Uh3mnxtR8/Mtu+uzREQqgVplpZUI1wuXs=
github.com/andreyvit/jsonfix v1.0.0/go.mod h1:D+50dQUMcVE3/aO6IUkCiqYc44JrYPlJpdBGxVqiBhQ=
github.com/andreyvit/mvp v0.3.29 h1:vKDZ1jDps7xqrfJgQOlCnW64QMMFrc4aN4/PT3LvCBs=
github.com/andreyvit/mvp v0.3.29/go.mod h1:u/7eZizhA1PJTyDBvaCjogDCiUEjYVw4k3usJsQYv88=
